
Microsoft Visual Studio Solution File, Format Version 12.00
# Visual Studio Version 17
VisualStudioVersion = 17.0.31903.59
MinimumVisualStudioVersion = 10.0.40219.1
Project("{2150E333-8FDC-42A3-9474-1A3956D46DE8}") = "src", "src", "{4DD796A1-FE7B-464C-9BE0-BDBEDF6F2F4C}"
EndProject
Project("{FAE04EC0-301F-11D3-BF4B-00C04F79EFBC}") = "InsManager.App", "src\InsManager.App\InsManager.App.csproj", "{39E6F0A1-BA3F-43D5-AAAE-0906CF23D236}"
EndProject
Project("{2150E333-8FDC-42A3-9474-1A3956D46DE8}") = "tests", "tests", "{3A7EFCA0-66CE-4807-BCB2-77633D7CC1A0}"
EndProject
Project("{FAE04EC0-301F-11D3-BF4B-00C04F79EFBC}") = "InsManager.Tests", "tests\InsManager.Tests\InsManager.Tests.csproj", "{104AC619-1125-402B-B8C5-43E04AC0949B}"
EndProject
Project("{FAE04EC0-301F-11D3-BF4B-00C04F79EFBC}") = "InsManager.SimConnect", "src\InsManager.SimConnect\InsManager.SimConnect.csproj", "{FFF3EC55-5A06-4F54-9354-96C1F4C26BD6}"
EndProject
Project("{FAE04EC0-301F-11D3-BF4B-00C04F79EFBC}") = "InsManager.Core", "src\InsManager.Core\InsManager.Core.csproj", "{776FD6C2-A4DD-4805-A158-0C8FB14AFC97}"
EndProject
Project("{FAE04EC0-301F-11D3-BF4B-00C04F79EFBC}") = "InsManager.Infrastructure", "src\InsManager.Infrastructure\InsManager.Infrastructure.csproj", "{DFE3A621-5759-4983-AD2D-9C2340759AF0}"
EndProject
Global
	GlobalSection(SolutionConfigurationPlatforms) = preSolution
		Debug|Any CPU = Debug|Any CPU
		Release|Any CPU = Release|Any CPU
	EndGlobalSection
	GlobalSection(SolutionProperties) = preSolution
		HideSolutionNode = FALSE
	EndGlobalSection
	GlobalSection(ProjectConfigurationPlatforms) = postSolution
		{39E6F0A1-BA3F-43D5-AAAE-0906CF23D236}.Debug|Any CPU.ActiveCfg = Debug|Any CPU
		{39E6F0A1-BA3F-43D5-AAAE-0906CF23D236}.Debug|Any CPU.Build.0 = Debug|Any CPU
		{39E6F0A1-BA3F-43D5-AAAE-0906CF23D236}.Release|Any CPU.ActiveCfg = Release|Any CPU
		{39E6F0A1-BA3F-43D5-AAAE-0906CF23D236}.Release|Any CPU.Build.0 = Release|Any CPU
		{104AC619-1125-402B-B8C5-43E04AC0949B}.Debug|Any CPU.ActiveCfg = Debug|Any CPU
		{104AC619-1125-402B-B8C5-43E04AC0949B}.Debug|Any CPU.Build.0 = Debug|Any CPU
		{104AC619-1125-402B-B8C5-43E04AC0949B}.Release|Any CPU.ActiveCfg = Release|Any CPU
		{104AC619-1125-402B-B8C5-43E04AC0949B}.Release|Any CPU.Build.0 = Release|Any CPU
		{FFF3EC55-5A06-4F54-9354-96C1F4C26BD6}.Debug|Any CPU.ActiveCfg = Debug|Any CPU
		{FFF3EC55-5A06-4F54-9354-96C1F4C26BD6}.Debug|Any CPU.Build.0 = Debug|Any CPU
		{FFF3EC55-5A06-4F54-9354-96C1F4C26BD6}.Release|Any CPU.ActiveCfg = Release|Any CPU
		{FFF3EC55-5A06-4F54-9354-96C1F4C26BD6}.Release|Any CPU.Build.0 = Release|Any CPU
		{776FD6C2-A4DD-4805-A158-0C8FB14AFC97}.Debug|Any CPU.ActiveCfg = Debug|Any CPU
		{776FD6C2-A4DD-4805-A158-0C8FB14AFC97}.Debug|Any CPU.Build.0 = Debug|Any CPU
		{776FD6C2-A4DD-4805-A158-0C8FB14AFC97}.Release|Any CPU.ActiveCfg = Release|Any CPU
		{776FD6C2-A4DD-4805-A158-0C8FB14AFC97}.Release|Any CPU.Build.0 = Release|Any CPU
		{DFE3A621-5759-4983-AD2D-9C2340759AF0}.Debug|Any CPU.ActiveCfg = Debug|Any CPU
		{DFE3A621-5759-4983-AD2D-9C2340759AF0}.Debug|Any CPU.Build.0 = Debug|Any CPU
		{DFE3A621-5759-4983-AD2D-9C2340759AF0}.Release|Any CPU.ActiveCfg = Release|Any CPU
		{DFE3A621-5759-4983-AD2D-9C2340759AF0}.Release|Any CPU.Build.0 = Release|Any CPU
	EndGlobalSection
	GlobalSection(NestedProjects) = preSolution
		{39E6F0A1-BA3F-43D5-AAAE-0906CF23D236} = {4DD796A1-FE7B-464C-9BE0-BDBEDF6F2F4C}
		{104AC619-1125-402B-B8C5-43E04AC0949B} = {3A7EFCA0-66CE-4807-BCB2-77633D7CC1A0}
		{FFF3EC55-5A06-4F54-9354-96C1F4C26BD6} = {4DD796A1-FE7B-464C-9BE0-BDBEDF6F2F4C}
		{776FD6C2-A4DD-4805-A158-0C8FB14AFC97} = {4DD796A1-FE7B-464C-9BE0-BDBEDF6F2F4C}
		{DFE3A621-5759-4983-AD2D-9C2340759AF0} = {4DD796A1-FE7B-464C-9BE0-BDBEDF6F2F4C}
	EndGlobalSection
EndGlobal
